<Solution>
  <Configurations>
    <Platform Name="x64" />
  </Configurations>
  <Project Path="FluentDeck/FluentDeck.csproj">
    <Platform Solution="*|x64" Project="x64" />
    <Deploy />
  </Project>
  <Project Path="FluentDeck.Store/FluentDeck.Store.csproj">
    <Platform Solution="*|x64" Project="x64" />
    <Deploy />
  </Project>
  <Project Path="FluentDeck.Dev/FluentDeck.Dev.csproj">
    <Platform Solution="*|x64" Project="x64" />
    <Deploy />
  </Project>
</Solution>
